
Microsoft Visual Studio Solution File, Format Version 12.00
# Visual Studio Version 17
VisualStudioVersion = 17.6.33815.320
MinimumVisualStudioVersion = 10.0.40219.1
Project("{FAE04EC0-301F-11D3-BF4B-00C04F79EFBC}") = "Primitive Types", "Primitive Types\Primitive Types.csproj", "{4CD8A18E-0465-4D9D-B256-F1A4533D8E9E}"
EndProject
Global
	GlobalSection(SolutionConfigurationPlatforms) = preSolution
		Debug|Any CPU = Debug|Any CPU
		Release|Any CPU = Release|Any CPU
	EndGlobalSection
	GlobalSection(ProjectConfigurationPlatforms) = postSolution
		{4CD8A18E-0465-4D9D-B256-F1A4533D8E9E}.Debug|Any CPU.ActiveCfg = Debug|Any CPU
		{4CD8A18E-0465-4D9D-B256-F1A4533D8E9E}.Debug|Any CPU.Build.0 = Debug|Any CPU
		{4CD8A18E-0465-4D9D-B256-F1A4533D8E9E}.Release|Any CPU.ActiveCfg = Release|Any CPU
		{4CD8A18E-0465-4D9D-B256-F1A4533D8E9E}.Release|Any CPU.Build.0 = Release|Any CPU
	EndGlobalSection
	GlobalSection(SolutionProperties) = preSolution
		HideSolutionNode = FALSE
	EndGlobalSection
	GlobalSection(ExtensibilityGlobals) = postSolution
		SolutionGuid = {C3C70D98-6070-40BA-ADB5-ECD29C64D735}
	EndGlobalSection
EndGlobal
